// !$*UTF8*$!
{
	archiveVersion = 1;
	classes = {
	};
	objectVersion = 46;
	objects = {

/* Begin PBXBuildFile section */
		230857172F12FC8FB7F24A47 /* ExampleSubscriber.m in Sources */ = {isa = PBXBuildFile; fileRef = 23085100E28C4E20F6688F0E /* ExampleSubscriber.m */; };
		23085FEEDFC9DAC668176B81 /* ExampleObserver.m in Sources */ = {isa = PBXBuildFile; fileRef = 23085C6AB710557543CF715A /* ExampleObserver.m */; };
		7ACD3D421AA555030090FD5A /* main.m in Sources */ = {isa = PBXBuildFile; fileRef = 7ACD3D411AA555030090FD5A /* main.m */; };
		7ACD3D451AA555030090FD5A /* AppDelegate.m in Sources */ = {isa = PBXBuildFile; fileRef = 7ACD3D441AA555030090FD5A /* AppDelegate.m */; };
		7ACD3D481AA555030090FD5A /* ViewController.m in Sources */ = {isa = PBXBuildFile; fileRef = 7ACD3D471AA555030090FD5A /* ViewController.m */; };
		7ACD3D4B1AA555030090FD5A /* Main.storyboard in Resources */ = {isa = PBXBuildFile; fileRef = 7ACD3D491AA555030090FD5A /* Main.storyboard */; };
		7ACD3D4D1AA555030090FD5A /* Images.xcassets in Resources */ = {isa = PBXBuildFile; fileRef = 7ACD3D4C1AA555030090FD5A /* Images.xcassets */; };
		7ACD3D501AA555030090FD5A /* LaunchScreen.xib in Resources */ = {isa = PBXBuildFile; fileRef = 7ACD3D4E1AA555030090FD5A /* LaunchScreen.xib */; };
		7ACD3D5C1AA555030090FD5A /* DTObservableExampleAppTests.m in Sources */ = {isa = PBXBuildFile; fileRef = 7ACD3D5B1AA555030090FD5A /* DTObservableExampleAppTests.m */; };
		CBBE1FE68F944F5EA5F2DBDB /* libPods.a in Frameworks */ = {isa = PBXBuildFile; fileRef = 6F654B458DB87F631CFE2F0B /* libPods.a */; };
/* End PBXBuildFile section */

/* Begin PBXContainerItemProxy section */
		7ACD3D561AA555030090FD5A /* PBXContainerItemProxy */ = {
			isa = PBXContainerItemProxy;
			containerPortal = 7ACD3D341AA555030090FD5A /* Project object */;
			proxyType = 1;
			remoteGlobalIDString = 7ACD3D3B1AA555030090FD5A;
			remoteInfo = DTObservableExampleApp;
		};
/* End PBXContainerItemProxy section */

/* Begin PBXFileReference section */
		23085100E28C4E20F6688F0E /* ExampleSubscriber.m */ = {isa = PBXFileReference; fileEncoding = 4; lastKnownFileType = sourcecode.c.objc; path = ExampleSubscriber.m; sourceTree = "<group>"; };
		23085C6AB710557543CF715A /* ExampleObserver.m */ = {isa = PBXFileReference; fileEncoding = 4; lastKnownFileType = sourcecode.c.objc; path = ExampleObserver.m; sourceTree = "<group>"; };
		23085CF5C9C39D540EB4D395 /* ExampleObserver.h */ = {isa = PBXFileReference; fileEncoding = 4; lastKnownFileType = sourcecode.c.h; path = ExampleObserver.h; sourceTree = "<group>"; };
		23085E8D4B20C7DE04A724A2 /* ExampleSubscriber.h */ = {isa = PBXFileReference; fileEncoding = 4; lastKnownFileType = sourcecode.c.h; path = ExampleSubscriber.h; sourceTree = "<group>"; };
		276F13FB9FAE3502CE905C68 /* Pods.release.xcconfig */ = {isa = PBXFileReference; includeInIndex = 1; lastKnownFileType = text.xcconfig; name = Pods.release.xcconfig; path = "Pods/Target Support Files/Pods/Pods.release.xcconfig"; sourceTree = "<group>"; };
		6F654B458DB87F631CFE2F0B /* libPods.a */ = {isa = PBXFileReference; explicitFileType = archive.ar; includeInIndex = 0; path = libPods.a; sourceTree = BUILT_PRODUCTS_DIR; };
		7ACD3D3C1AA555030090FD5A /* DTObservableExampleApp.app */ = {isa = PBXFileReference; explicitFileType = wrapper.application; includeInIndex = 0; path = DTObservableExampleApp.app; sourceTree = BUILT_PRODUCTS_DIR; };
		7ACD3D401AA555030090FD5A /* Info.plist */ = {isa = PBXFileReference; lastKnownFileType = text.plist.xml; path = Info.plist; sourceTree = "<group>"; };
		7ACD3D411AA555030090FD5A /* main.m */ = {isa = PBXFileReference; lastKnownFileType = sourcecode.c.objc; path = main.m; sourceTree = "<group>"; };
		7ACD3D431AA555030090FD5A /* AppDelegate.h */ = {isa = PBXFileReference; lastKnownFileType = sourcecode.c.h; path = AppDelegate.h; sourceTree = "<group>"; };
		7ACD3D441AA555030090FD5A /* AppDelegate.m */ = {isa = PBXFileReference; lastKnownFileType = sourcecode.c.objc; path = AppDelegate.m; sourceTree = "<group>"; };
		7ACD3D461AA555030090FD5A /* ViewController.h */ = {isa = PBXFileReference; lastKnownFileType = sourcecode.c.h; path = ViewController.h; sourceTree = "<group>"; };
		7ACD3D471AA555030090FD5A /* ViewController.m */ = {isa = PBXFileReference; lastKnownFileType = sourcecode.c.objc; path = ViewController.m; sourceTree = "<group>"; };
		7ACD3D4A1AA555030090FD5A /* Base */ = {isa = PBXFileReference; lastKnownFileType = file.storyboard; name = Base; path = Base.lproj/Main.storyboard; sourceTree = "<group>"; };
		7ACD3D4C1AA555030090FD5A /* Images.xcassets */ = {isa = PBXFileReference; lastKnownFileType = folder.assetcatalog; path = Images.xcassets; sourceTree = "<group>"; };
		7ACD3D4F1AA555030090FD5A /* Base */ = {isa = PBXFileReference; lastKnownFileType = file.xib; name = Base; path = Base.lproj/LaunchScreen.xib; sourceTree = "<group>"; };
		7ACD3D551AA555030090FD5A /* DTObservableExampleAppTests.xctest */ = {isa = PBXFileReference; explicitFileType = wrapper.cfbundle; includeInIndex = 0; path = DTObservableExampleAppTests.xctest; sourceTree = BUILT_PRODUCTS_DIR; };
		7ACD3D5A1AA555030090FD5A /* Info.plist */ = {isa = PBXFileReference; lastKnownFileType = text.plist.xml; path = Info.plist; sourceTree = "<group>"; };
		7ACD3D5B1AA555030090FD5A /* DTObservableExampleAppTests.m */ = {isa = PBXFileReference; lastKnownFileType = sourcecode.c.objc; path = DTObservableExampleAppTests.m; sourceTree = "<group>"; };
		7DE275486BFE24D1E39EC4BA /* Pods.debug.xcconfig */ = {isa = PBXFileReference; includeInIndex = 1; lastKnownFileType = text.xcconfig; name = Pods.debug.xcconfig; path = "Pods/Target Support Files/Pods/Pods.debug.xcconfig"; sourceTree = "<group>"; };
/* End PBXFileReference section */

/* Begin PBXFrameworksBuildPhase section */
		7ACD3D391AA555030090FD5A /* Frameworks */ = {
			isa = PBXFrameworksBuildPhase;
			buildActionMask = 2147483647;
			files = (
				CBBE1FE68F944F5EA5F2DBDB /* libPods.a in Frameworks */,
			);
			runOnlyForDeploymentPostprocessing = 0;
		};
		7ACD3D521AA555030090FD5A /* Frameworks */ = {
			isa = PBXFrameworksBuildPhase;
			buildActionMask = 2147483647;
			files = (
			);
			runOnlyForDeploymentPostprocessing = 0;
		};
/* End PBXFrameworksBuildPhase section */

/* Begin PBXGroup section */
		7ACD3D331AA555030090FD5A = {
			isa = PBXGroup;
			children = (
				7ACD3D3E1AA555030090FD5A /* DTObservableExampleApp */,
				7ACD3D581AA555030090FD5A /* DTObservableExampleAppTests */,
				7ACD3D3D1AA555030090FD5A /* Products */,
				D5AF76658676ED4A7C68300C /* Pods */,
				9E6B8B60872FBC0CD2F0EDB4 /* Frameworks */,
			);
			sourceTree = "<group>";
		};
		7ACD3D3D1AA555030090FD5A /* Products */ = {
			isa = PBXGroup;
			children = (
				7ACD3D3C1AA555030090FD5A /* DTObservableExampleApp.app */,
				7ACD3D551AA555030090FD5A /* DTObservableExampleAppTests.xctest */,
			);
			name = Products;
			sourceTree = "<group>";
		};
		7ACD3D3E1AA555030090FD5A /* DTObservableExampleApp */ = {
			isa = PBXGroup;
			children = (
				7ACD3D431AA555030090FD5A /* AppDelegate.h */,
				7ACD3D441AA555030090FD5A /* AppDelegate.m */,
				7ACD3D461AA555030090FD5A /* ViewController.h */,
				7ACD3D471AA555030090FD5A /* ViewController.m */,
				7ACD3D491AA555030090FD5A /* Main.storyboard */,
				7ACD3D4C1AA555030090FD5A /* Images.xcassets */,
				7ACD3D4E1AA555030090FD5A /* LaunchScreen.xib */,
				7ACD3D3F1AA555030090FD5A /* Supporting Files */,
				23085C6AB710557543CF715A /* ExampleObserver.m */,
				23085CF5C9C39D540EB4D395 /* ExampleObserver.h */,
				23085100E28C4E20F6688F0E /* ExampleSubscriber.m */,
				23085E8D4B20C7DE04A724A2 /* ExampleSubscriber.h */,
			);
			path = DTObservableExampleApp;
			sourceTree = "<group>";
		};
		7ACD3D3F1AA555030090FD5A /* Supporting Files */ = {
			isa = PBXGroup;
			children = (
				7ACD3D401AA555030090FD5A /* Info.plist */,
				7ACD3D411AA555030090FD5A /* main.m */,
			);
			name = "Supporting Files";
			sourceTree = "<group>";
		};
		7ACD3D581AA555030090FD5A /* DTObservableExampleAppTests */ = {
			isa = PBXGroup;
			children = (
				7ACD3D5B1AA555030090FD5A /* DTObservableExampleAppTests.m */,
				7ACD3D591AA555030090FD5A /* Supporting Files */,
			);
			path = DTObservableExampleAppTests;
			sourceTree = "<group>";
		};
		7ACD3D591AA555030090FD5A /* Supporting Files */ = {
			isa = PBXGroup;
			children = (
				7ACD3D5A1AA555030090FD5A /* Info.plist */,
			);
			name = "Supporting Files";
			sourceTree = "<group>";
		};
		9E6B8B60872FBC0CD2F0EDB4 /* Frameworks */ = {
			isa = PBXGroup;
			children = (
				6F654B458DB87F631CFE2F0B /* libPods.a */,
			);
			name = Frameworks;
			sourceTree = "<group>";
		};
		D5AF76658676ED4A7C68300C /* Pods */ = {
			isa = PBXGroup;
			children = (
				7DE275486BFE24D1E39EC4BA /* Pods.debug.xcconfig */,
				276F13FB9FAE3502CE905C68 /* Pods.release.xcconfig */,
			);
			name = Pods;
			sourceTree = "<group>";
		};
/* End PBXGroup section */

/* Begin PBXNativeTarget section */
		7ACD3D3B1AA555030090FD5A /* DTObservableExampleApp */ = {
			isa = PBXNativeTarget;
			buildConfigurationList = 7ACD3D5F1AA555030090FD5A /* Build configuration list for PBXNativeTarget "DTObservableExampleApp" */;
			buildPhases = (
				00C1046C8E159844124CA5A3 /* Check Pods Manifest.lock */,
				7ACD3D381AA555030090FD5A /* Sources */,
				7ACD3D391AA555030090FD5A /* Frameworks */,
				7ACD3D3A1AA555030090FD5A /* Resources */,
				7B6B401C48111A2AEC743C6C /* Copy Pods Resources */,
			);
			buildRules = (
			);
			dependencies = (
			);
			name = DTObservableExampleApp;
			productName = DTObservableExampleApp;
			productReference = 7ACD3D3C1AA555030090FD5A /* DTObservableExampleApp.app */;
			productType = "com.apple.product-type.application";
		};
		7ACD3D541AA555030090FD5A /* DTObservableExampleAppTests */ = {
			isa = PBXNativeTarget;
			buildConfigurationList = 7ACD3D621AA555030090FD5A /* Build configuration list for PBXNativeTarget "DTObservableExampleAppTests" */;
			buildPhases = (
				7ACD3D511AA555030090FD5A /* Sources */,
				7ACD3D521AA555030090FD5A /* Frameworks */,
				7ACD3D531AA555030090FD5A /* Resources */,
			);
			buildRules = (
			);
			dependencies = (
				7ACD3D571AA555030090FD5A /* PBXTargetDependency */,
			);
			name = DTObservableExampleAppTests;
			productName = DTObservableExampleAppTests;
			productReference = 7ACD3D551AA555030090FD5A /* DTObservableExampleAppTests.xctest */;
			productType = "com.apple.product-type.bundle.unit-test";
		};
/* End PBXNativeTarget section */

/* Begin PBXProject section */
		7ACD3D341AA555030090FD5A /* Project object */ = {
			isa = PBXProject;
			attributes = {
				LastUpgradeCheck = 0620;
				ORGANIZATIONNAME = DTHENG;
				TargetAttributes = {
					7ACD3D3B1AA555030090FD5A = {
						CreatedOnToolsVersion = 6.2;
					};
					7ACD3D541AA555030090FD5A = {
						CreatedOnToolsVersion = 6.2;
						TestTargetID = 7ACD3D3B1AA555030090FD5A;
					};
				};
			};
			buildConfigurationList = 7ACD3D371AA555030090FD5A /* Build configuration list for PBXProject "DTObservableExampleApp" */;
			compatibilityVersion = "Xcode 3.2";
			developmentRegion = English;
			hasScannedForEncodings = 0;
			knownRegions = (
				en,
				Base,
			);
			mainGroup = 7ACD3D331AA555030090FD5A;
			productRefGroup = 7ACD3D3D1AA555030090FD5A /* Products */;
			projectDirPath = "";
			projectRoot = "";
			targets = (
				7ACD3D3B1AA555030090FD5A /* DTObservableExampleApp */,
				7ACD3D541AA555030090FD5A /* DTObservableExampleAppTests */,
			);
		};
/* End PBXProject section */

/* Begin PBXResourcesBuildPhase section */
		7ACD3D3A1AA555030090FD5A /* Resources */ = {
			isa = PBXResourcesBuildPhase;
			buildActionMask = 2147483647;
			files = (
				7ACD3D4B1AA555030090FD5A /* Main.storyboard in Resources */,
				7ACD3D501AA555030090FD5A /* LaunchScreen.xib in Resources */,
				7ACD3D4D1AA555030090FD5A /* Images.xcassets in Resources */,
			);
			runOnlyForDeploymentPostprocessing = 0;
		};
		7ACD3D531AA555030090FD5A /* Resources */ = {
			isa = PBXResourcesBuildPhase;
			buildActionMask = 2147483647;
			files = (
			);
			runOnlyForDeploymentPostprocessing = 0;
		};
/* End PBXResourcesBuildPhase section */

/* Begin PBXShellScriptBuildPhase section */
		00C1046C8E159844124CA5A3 /* Check Pods Manifest.lock */ = {
			isa = PBXShellScriptBuildPhase;
			buildActionMask = 2147483647;
			files = (
			);
			inputPaths = (
			);
			name = "Check Pods Manifest.lock";
			outputPaths = (
			);
			runOnlyForDeploymentPostprocessing = 0;
			shellPath = /bin/sh;
			shellScript = "diff \"${PODS_ROOT}/../Podfile.lock\" \"${PODS_ROOT}/Manifest.lock\" > /dev/null\nif [[ $? != 0 ]] ; then\n    cat << EOM\nerror: The sandbox is not in sync with the Podfile.lock. Run 'pod install' or update your CocoaPods installation.\nEOM\n    exit 1\nfi\n";
			showEnvVarsInLog = 0;
		};
		7B6B401C48111A2AEC743C6C /* Copy Pods Resources */ = {
			isa = PBXShellScriptBuildPhase;
			buildActionMask = 2147483647;
			files = (
			);
			inputPaths = (
			);
			name = "Copy Pods Resources";
			outputPaths = (
			);
			runOnlyForDeploymentPostprocessing = 0;
			shellPath = /bin/sh;
			shellScript = "\"${SRCROOT}/Pods/Target Support Files/Pods/Pods-resources.sh\"\n";
			showEnvVarsInLog = 0;
		};
/* End PBXShellScriptBuildPhase section */

/* Begin PBXSourcesBuildPhase section */
		7ACD3D381AA555030090FD5A /* Sources */ = {
			isa = PBXSourcesBuildPhase;
			buildActionMask = 2147483647;
			files = (
				7ACD3D481AA555030090FD5A /* ViewController.m in Sources */,
				7ACD3D451AA555030090FD5A /* AppDelegate.m in Sources */,
				7ACD3D421AA555030090FD5A /* main.m in Sources */,
				23085FEEDFC9DAC668176B81 /* ExampleObserver.m in Sources */,
				230857172F12FC8FB7F24A47 /* ExampleSubscriber.m in Sources */,
			);
			runOnlyForDeploymentPostprocessing = 0;
		};
		7ACD3D511AA555030090FD5A /* Sources */ = {
			isa = PBXSourcesBuildPhase;
			buildActionMask = 2147483647;
			files = (
				7ACD3D5C1AA555030090FD5A /* DTObservableExampleAppTests.m in Sources */,
			);
			runOnlyForDeploymentPostprocessing = 0;
		};
/* End PBXSourcesBuildPhase section */

/* Begin PBXTargetDependency section */
		7ACD3D571AA555030090FD5A /* PBXTargetDependency */ = {
			isa = PBXTargetDependency;
			target = 7ACD3D3B1AA555030090FD5A /* DTObservableExampleApp */;
			targetProxy = 7ACD3D561AA555030090FD5A /* PBXContainerItemProxy */;
		};
/* End PBXTargetDependency section */

/* Begin PBXVariantGroup section */
		7ACD3D491AA555030090FD5A /* Main.storyboard */ = {
			isa = PBXVariantGroup;
			children = (
				7ACD3D4A1AA555030090FD5A /* Base */,
			);
			name = Main.storyboard;
			sourceTree = "<group>";
		};
		7ACD3D4E1AA555030090FD5A /* LaunchScreen.xib */ = {
			isa = PBXVariantGroup;
			children = (
				7ACD3D4F1AA555030090FD5A /* Base */,
			);
			name = LaunchScreen.xib;
			sourceTree = "<group>";
		};
/* End PBXVariantGroup section */

/* Begin XCBuildConfiguration section */
		7ACD3D5D1AA555030090FD5A /* Debug */ = {
			isa = XCBuildConfiguration;
			buildSettings = {
				ALWAYS_SEARCH_USER_PATHS = NO;
				CLANG_CXX_LANGUAGE_STANDARD = "gnu++0x";
				CLANG_CXX_LIBRARY = "libc++";
				CLANG_ENABLE_MODULES = YES;
				CLANG_ENABLE_OBJC_ARC = YES;
				CLANG_WARN_BOOL_CONVERSION = YES;
				CLANG_WARN_CONSTANT_CONVERSION = YES;
				CLANG_WARN_DIRECT_OBJC_ISA_USAGE = YES_ERROR;
				CLANG_WARN_EMPTY_BODY = YES;
				CLANG_WARN_ENUM_CONVERSION = YES;
				CLANG_WARN_INT_CONVERSION = YES;
				CLANG_WARN_OBJC_ROOT_CLASS = YES_ERROR;
				CLANG_WARN_UNREACHABLE_CODE = YES;
				CLANG_WARN__DUPLICATE_METHOD_MATCH = YES;
				"CODE_SIGN_IDENTITY[sdk=iphoneos*]" = "iPhone Developer";
				COPY_PHASE_STRIP = NO;
				ENABLE_STRICT_OBJC_MSGSEND = YES;
				GCC_C_LANGUAGE_STANDARD = gnu99;
				GCC_DYNAMIC_NO_PIC = NO;
				GCC_OPTIMIZATION_LEVEL = 0;
				GCC_PREPROCESSOR_DEFINITIONS = (
					"DEBUG=1",
					"$(inherited)",
				);
				GCC_SYMBOLS_PRIVATE_EXTERN = NO;
				GCC_WARN_64_TO_32_BIT_CONVERSION = YES;
				GCC_WARN_ABOUT_RETURN_TYPE = YES_ERROR;
				GCC_WARN_UNDECLARED_SELECTOR = YES;
				GCC_WARN_UNINITIALIZED_AUTOS = YES_AGGRESSIVE;
				GCC_WARN_UNUSED_FUNCTION = YES;
				GCC_WARN_UNUSED_VARIABLE = YES;
				IPHONEOS_DEPLOYMENT_TARGET = 8.2;
				MTL_ENABLE_DEBUG_INFO = YES;
				ONLY_ACTIVE_ARCH = YES;
				SDKROOT = iphoneos;
				TARGETED_DEVICE_FAMILY = 2;
			};
			name = Debug;
		};
		7ACD3D5E1AA555030090FD5A /* Release */ = {
			isa = XCBuildConfiguration;
			buildSettings = {
				ALWAYS_SEARCH_USER_PATHS = NO;
				CLANG_CXX_LANGUAGE_STANDARD = "gnu++0x";
				CLANG_CXX_LIBRARY = "libc++";
				CLANG_ENABLE_MODULES = YES;
				CLANG_ENABLE_OBJC_ARC = YES;
				CLANG_WARN_BOOL_CONVERSION = YES;
				CLANG_WARN_CONSTANT_CONVERSION = YES;
				CLANG_WARN_DIRECT_OBJC_ISA_USAGE = YES_ERROR;
				CLANG_WARN_EMPTY_BODY = YES;
				CLANG_WARN_ENUM_CONVERSION = YES;
				CLANG_WARN_INT_CONVERSION = YES;
				CLANG_WARN_OBJC_ROOT_CLASS = YES_ERROR;
				CLANG_WARN_UNREACHABLE_CODE = YES;
				CLANG_WARN__DUPLICATE_METHOD_MATCH = YES;
				"CODE_SIGN_IDENTITY[sdk=iphoneos*]" = "iPhone Developer";
				COPY_PHASE_STRIP = NO;
				ENABLE_NS_ASSERTIONS = NO;
				ENABLE_STRICT_OBJC_MSGSEND = YES;
				GCC_C_LANGUAGE_STANDARD = gnu99;
				GCC_WARN_64_TO_32_BIT_CONVERSION = YES;
				GCC_WARN_ABOUT_RETURN_TYPE = YES_ERROR;
				GCC_WARN_UNDECLARED_SELECTOR = YES;
				GCC_WARN_UNINITIALIZED_AUTOS = YES_AGGRESSIVE;
				GCC_WARN_UNUSED_FUNCTION = YES;
				GCC_WARN_UNUSED_VARIABLE = YES;
				IPHONEOS_DEPLOYMENT_TARGET = 8.2;
				MTL_ENABLE_DEBUG_INFO = NO;
				SDKROOT = iphoneos;
				TARGETED_DEVICE_FAMILY = 2;
				VALIDATE_PRODUCT = YES;
			};
			name = Release;
		};
		7ACD3D601AA555030090FD5A /* Debug */ = {
			isa = XCBuildConfiguration;
			baseConfigurationReference = 7DE275486BFE24D1E39EC4BA /* Pods.debug.xcconfig */;
			buildSettings = {
				ASSETCATALOG_COMPILER_APPICON_NAME = AppIcon;
				INFOPLIST_FILE = DTObservableExampleApp/Info.plist;
				LD_RUNPATH_SEARCH_PATHS = "$(inherited) @executable_path/Frameworks";
				PRODUCT_NAME = "$(TARGET_NAME)";
			};
			name = Debug;
		};
		7ACD3D611AA555030090FD5A /* Release */ = {
			isa = XCBuildConfiguration;
			baseConfigurationReference = 276F13FB9FAE3502CE905C68 /* Pods.release.xcconfig */;
			buildSettings = {
				ASSETCATALOG_COMPILER_APPICON_NAME = AppIcon;
				INFOPLIST_FILE = DTObservableExampleApp/Info.plist;
				LD_RUNPATH_SEARCH_PATHS = "$(inherited) @executable_path/Frameworks";
				PRODUCT_NAME = "$(TARGET_NAME)";
			};
			name = Release;
		};
		7ACD3D631AA555030090FD5A /* Debug */ = {
			isa = XCBuildConfiguration;
			baseConfigurationReference = 7DE275486BFE24D1E39EC4BA /* Pods.debug.xcconfig */;
			buildSettings = {
				BUNDLE_LOADER = "$(TEST_HOST)";
				FRAMEWORK_SEARCH_PATHS = (
					"$(SDKROOT)/Developer/Library/Frameworks",
					"$(inherited)",
				);
				GCC_PREPROCESSOR_DEFINITIONS = (
					"DEBUG=1",
					"$(inherited)",
				);
				INFOPLIST_FILE = DTObservableExampleAppTests/Info.plist;
				LD_RUNPATH_SEARCH_PATHS = "$(inherited) @executable_path/Frameworks @loader_path/Frameworks";
				PRODUCT_NAME = "$(TARGET_NAME)";
				TEST_HOST = "$(BUILT_PRODUCTS_DIR)/DTObservableExampleApp.app/DTObservableExampleApp";
			};
			name = Debug;
		};
		7ACD3D641AA555030090FD5A /* Release */ = {
			isa = XCBuildConfiguration;
			baseConfigurationReference = 7DE275486BFE24D1E39EC4BA /* Pods.debug.xcconfig */;
			buildSettings = {
				BUNDLE_LOADER = "$(TEST_HOST)";
				FRAMEWORK_SEARCH_PATHS = (
					"$(SDKROOT)/Developer/Library/Frameworks",
					"$(inherited)",
				);
				INFOPLIST_FILE = DTObservableExampleAppTests/Info.plist;
				LD_RUNPATH_SEARCH_PATHS = "$(inherited) @executable_path/Frameworks @loader_path/Frameworks";
				PRODUCT_NAME = "$(TARGET_NAME)";
				TEST_HOST = "$(BUILT_PRODUCTS_DIR)/DTObservableExampleApp.app/DTObservableExampleApp";
			};
			name = Release;
		};
/* End XCBuildConfiguration section */

/* Begin XCConfigurationList section */
		7ACD3D371AA555030090FD5A /* Build configuration list for PBXProject "DTObservableExampleApp" */ = {
			isa = XCConfigurationList;
			buildConfigurations = (
				7ACD3D5D1AA555030090FD5A /* Debug */,
				7ACD3D5E1AA555030090FD5A /* Release */,
			);
			defaultConfigurationIsVisible = 0;
			defaultConfigurationName = Release;
		};
		7ACD3D5F1AA555030090FD5A /* Build configuration list for PBXNativeTarget "DTObservableExampleApp" */ = {
			isa = XCConfigurationList;
			buildConfigurations = (
				7ACD3D601AA555030090FD5A /* Debug */,
				7ACD3D611AA555030090FD5A /* Release */,
			);
			defaultConfigurationIsVisible = 0;
			defaultConfigurationName = Release;
		};
		7ACD3D621AA555030090FD5A /* Build configuration list for PBXNativeTarget "DTObservableExampleAppTests" */ = {
			isa = XCConfigurationList;
			buildConfigurations = (
				7ACD3D631AA555030090FD5A /* Debug */,
				7ACD3D641AA555030090FD5A /* Release */,
			);
			defaultConfigurationIsVisible = 0;
			defaultConfigurationName = Release;
		};
/* End XCConfigurationList section */
	};
	rootObject = 7ACD3D341AA555030090FD5A /* Project object */;
}
